<?xml version="1.0" encoding="UTF-8"?>
<CodeBlocks_project_file>
	<FileVersion major="1" minor="6"/>
	<Project>
		<Option title="Project"/>
		<Option makefile_is_custom="1"/>
		<Option compiler="gcc"/>
		<Option virtualFolders="CMake Files\;CMake Files\googletest-src\;CMake Files\googletest-src\googlemock\;CMake Files\googletest-src\googlemock\cmake\;CMake Files\googletest-src\googletest\;CMake Files\googletest-src\googletest\cmake\;CMake Files\rpc\;"/>
		<Build>
			<Target title="all">
				<Option working_dir="/root/DB/vaultdb_operators"/>
				<Option type="4"/>
				<MakeCommands>
					<Build command="/usr/bin/gmake -f &quot;/root/DB/vaultdb_operators/Makefile&quot;  VERBOSE=1 all"/>
					<CompileFile command="/usr/bin/gmake -f &quot;/root/DB/vaultdb_operators/Makefile&quot;  VERBOSE=1 &quot;$file&quot;"/>
					<Clean command="/usr/bin/gmake -f &quot;/root/DB/vaultdb_operators/Makefile&quot;  VERBOSE=1 clean"/>
					<DistClean command="/usr/bin/gmake -f &quot;/root/DB/vaultdb_operators/Makefile&quot;  VERBOSE=1 clean"/>
				</MakeCommands>
			</Target>
			<Target title="edit_cache">
				<Option working_dir="/root/DB/vaultdb_operators"/>
				<Option type="4"/>
				<MakeCommands>
					<Build command="/usr/bin/gmake -f &quot;/root/DB/vaultdb_operators/Makefile&quot;  VERBOSE=1 edit_cache"/>
					<CompileFile command="/usr/bin/gmake -f &quot;/root/DB/vaultdb_operators/Makefile&quot;  VERBOSE=1 &quot;$file&quot;"/>
					<Clean command="/usr/bin/gmake -f &quot;/root/DB/vaultdb_operators/Makefile&quot;  VERBOSE=1 clean"/>
					<DistClean command="/usr/bin/gmake -f &quot;/root/DB/vaultdb_operators/Makefile&quot;  VERBOSE=1 clean"/>
				</MakeCommands>
			</Target>
			<Target title="join_test">
				<Option output="/root/DB/vaultdb_operators/join_test" prefix_auto="0" extension_auto="0"/>
				<Option working_dir="/root/DB/vaultdb_operators"/>
				<Option object_output="./"/>
				<Option type="1"/>
				<Option compiler="gcc"/>
				<Compiler>
					<Add directory="/root/DB/linux-sgx/sgxsdk/include"/>
					<Add directory="/root/DB/vaultdb_operators/googletest-src/googletest/include"/>
					<Add directory="/root/DB/vaultdb_operators/googletest-src/googletest"/>
				</Compiler>
				<MakeCommands>
					<Build command="/usr/bin/gmake -f &quot;/root/DB/vaultdb_operators/Makefile&quot;  VERBOSE=1 join_test"/>
					<CompileFile command="/usr/bin/gmake -f &quot;/root/DB/vaultdb_operators/Makefile&quot;  VERBOSE=1 &quot;$file&quot;"/>
					<Clean command="/usr/bin/gmake -f &quot;/root/DB/vaultdb_operators/Makefile&quot;  VERBOSE=1 clean"/>
					<DistClean command="/usr/bin/gmake -f &quot;/root/DB/vaultdb_operators/Makefile&quot;  VERBOSE=1 clean"/>
				</MakeCommands>
			</Target>
			<Target title="join_test/fast">
				<Option output="/root/DB/vaultdb_operators/join_test" prefix_auto="0" extension_auto="0"/>
				<Option working_dir="/root/DB/vaultdb_operators"/>
				<Option object_output="./"/>
				<Option type="1"/>
				<Option compiler="gcc"/>
				<Compiler>
					<Add directory="/root/DB/linux-sgx/sgxsdk/include"/>
					<Add directory="/root/DB/vaultdb_operators/googletest-src/googletest/include"/>
					<Add directory="/root/DB/vaultdb_operators/googletest-src/googletest"/>
				</Compiler>
				<MakeCommands>
					<Build command="/usr/bin/gmake -f &quot;/root/DB/vaultdb_operators/Makefile&quot;  VERBOSE=1 join_test/fast"/>
					<CompileFile command="/usr/bin/gmake -f &quot;/root/DB/vaultdb_operators/Makefile&quot;  VERBOSE=1 &quot;$file&quot;"/>
					<Clean command="/usr/bin/gmake -f &quot;/root/DB/vaultdb_operators/Makefile&quot;  VERBOSE=1 clean"/>
					<DistClean command="/usr/bin/gmake -f &quot;/root/DB/vaultdb_operators/Makefile&quot;  VERBOSE=1 clean"/>
				</MakeCommands>
			</Target>
			<Target title="install/strip">
				<Option working_dir="/root/DB/vaultdb_operators"/>
				<Option type="4"/>
				<MakeCommands>
					<Build command="/usr/bin/gmake -f &quot;/root/DB/vaultdb_operators/Makefile&quot;  VERBOSE=1 install/strip"/>
					<CompileFile command="/usr/bin/gmake -f &quot;/root/DB/vaultdb_operators/Makefile&quot;  VERBOSE=1 &quot;$file&quot;"/>
					<Clean command="/usr/bin/gmake -f &quot;/root/DB/vaultdb_operators/Makefile&quot;  VERBOSE=1 clean"/>
					<DistClean command="/usr/bin/gmake -f &quot;/root/DB/vaultdb_operators/Makefile&quot;  VERBOSE=1 clean"/>
				</MakeCommands>
			</Target>
			<Target title="list_install_components">
				<Option working_dir="/root/DB/vaultdb_operators"/>
				<Option type="4"/>
				<MakeCommands>
					<Build command="/usr/bin/gmake -f &quot;/root/DB/vaultdb_operators/Makefile&quot;  VERBOSE=1 list_install_components"/>
					<CompileFile command="/usr/bin/gmake -f &quot;/root/DB/vaultdb_operators/Makefile&quot;  VERBOSE=1 &quot;$file&quot;"/>
					<Clean command="/usr/bin/gmake -f &quot;/root/DB/vaultdb_operators/Makefile&quot;  VERBOSE=1 clean"/>
					<DistClean command="/usr/bin/gmake -f &quot;/root/DB/vaultdb_operators/Makefile&quot;  VERBOSE=1 clean"/>
				</MakeCommands>
			</Target>
			<Target title="sort_test">
				<Option output="/root/DB/vaultdb_operators/sort_test" prefix_auto="0" extension_auto="0"/>
				<Option working_dir="/root/DB/vaultdb_operators"/>
				<Option object_output="./"/>
				<Option type="1"/>
				<Option compiler="gcc"/>
				<Compiler>
					<Add directory="/root/DB/linux-sgx/sgxsdk/include"/>
					<Add directory="/root/DB/vaultdb_operators/googletest-src/googletest/include"/>
					<Add directory="/root/DB/vaultdb_operators/googletest-src/googletest"/>
				</Compiler>
				<MakeCommands>
					<Build command="/usr/bin/gmake -f &quot;/root/DB/vaultdb_operators/Makefile&quot;  VERBOSE=1 sort_test"/>
					<CompileFile command="/usr/bin/gmake -f &quot;/root/DB/vaultdb_operators/Makefile&quot;  VERBOSE=1 &quot;$file&quot;"/>
					<Clean command="/usr/bin/gmake -f &quot;/root/DB/vaultdb_operators/Makefile&quot;  VERBOSE=1 clean"/>
					<DistClean command="/usr/bin/gmake -f &quot;/root/DB/vaultdb_operators/Makefile&quot;  VERBOSE=1 clean"/>
				</MakeCommands>
			</Target>
			<Target title="sort_test/fast">
				<Option output="/root/DB/vaultdb_operators/sort_test" prefix_auto="0" extension_auto="0"/>
				<Option working_dir="/root/DB/vaultdb_operators"/>
				<Option object_output="./"/>
				<Option type="1"/>
				<Option compiler="gcc"/>
				<Compiler>
					<Add directory="/root/DB/linux-sgx/sgxsdk/include"/>
					<Add directory="/root/DB/vaultdb_operators/googletest-src/googletest/include"/>
					<Add directory="/root/DB/vaultdb_operators/googletest-src/googletest"/>
				</Compiler>
				<MakeCommands>
					<Build command="/usr/bin/gmake -f &quot;/root/DB/vaultdb_operators/Makefile&quot;  VERBOSE=1 sort_test/fast"/>
					<CompileFile command="/usr/bin/gmake -f &quot;/root/DB/vaultdb_operators/Makefile&quot;  VERBOSE=1 &quot;$file&quot;"/>
					<Clean command="/usr/bin/gmake -f &quot;/root/DB/vaultdb_operators/Makefile&quot;  VERBOSE=1 clean"/>
					<DistClean command="/usr/bin/gmake -f &quot;/root/DB/vaultdb_operators/Makefile&quot;  VERBOSE=1 clean"/>
				</MakeCommands>
			</Target>
			<Target title="install">
				<Option working_dir="/root/DB/vaultdb_operators"/>
				<Option type="4"/>
				<MakeCommands>
					<Build command="/usr/bin/gmake -f &quot;/root/DB/vaultdb_operators/Makefile&quot;  VERBOSE=1 install"/>
					<CompileFile command="/usr/bin/gmake -f &quot;/root/DB/vaultdb_operators/Makefile&quot;  VERBOSE=1 &quot;$file&quot;"/>
					<Clean command="/usr/bin/gmake -f &quot;/root/DB/vaultdb_operators/Makefile&quot;  VERBOSE=1 clean"/>
					<DistClean command="/usr/bin/gmake -f &quot;/root/DB/vaultdb_operators/Makefile&quot;  VERBOSE=1 clean"/>
				</MakeCommands>
			</Target>
			<Target title="filter_test">
				<Option output="/root/DB/vaultdb_operators/filter_test" prefix_auto="0" extension_auto="0"/>
				<Option working_dir="/root/DB/vaultdb_operators"/>
				<Option object_output="./"/>
				<Option type="1"/>
				<Option compiler="gcc"/>
				<Compiler>
					<Add directory="/root/DB/linux-sgx/sgxsdk/include"/>
					<Add directory="/root/DB/vaultdb_operators/googletest-src/googletest/include"/>
					<Add directory="/root/DB/vaultdb_operators/googletest-src/googletest"/>
				</Compiler>
				<MakeCommands>
					<Build command="/usr/bin/gmake -f &quot;/root/DB/vaultdb_operators/Makefile&quot;  VERBOSE=1 filter_test"/>
					<CompileFile command="/usr/bin/gmake -f &quot;/root/DB/vaultdb_operators/Makefile&quot;  VERBOSE=1 &quot;$file&quot;"/>
					<Clean command="/usr/bin/gmake -f &quot;/root/DB/vaultdb_operators/Makefile&quot;  VERBOSE=1 clean"/>
					<DistClean command="/usr/bin/gmake -f &quot;/root/DB/vaultdb_operators/Makefile&quot;  VERBOSE=1 clean"/>
				</MakeCommands>
			</Target>
			<Target title="filter_test/fast">
				<Option output="/root/DB/vaultdb_operators/filter_test" prefix_auto="0" extension_auto="0"/>
				<Option working_dir="/root/DB/vaultdb_operators"/>
				<Option object_output="./"/>
				<Option type="1"/>
				<Option compiler="gcc"/>
				<Compiler>
					<Add directory="/root/DB/linux-sgx/sgxsdk/include"/>
					<Add directory="/root/DB/vaultdb_operators/googletest-src/googletest/include"/>
					<Add directory="/root/DB/vaultdb_operators/googletest-src/googletest"/>
				</Compiler>
				<MakeCommands>
					<Build command="/usr/bin/gmake -f &quot;/root/DB/vaultdb_operators/Makefile&quot;  VERBOSE=1 filter_test/fast"/>
					<CompileFile command="/usr/bin/gmake -f &quot;/root/DB/vaultdb_operators/Makefile&quot;  VERBOSE=1 &quot;$file&quot;"/>
					<Clean command="/usr/bin/gmake -f &quot;/root/DB/vaultdb_operators/Makefile&quot;  VERBOSE=1 clean"/>
					<DistClean command="/usr/bin/gmake -f &quot;/root/DB/vaultdb_operators/Makefile&quot;  VERBOSE=1 clean"/>
				</MakeCommands>
			</Target>
			<Target title="postgres_test">
				<Option output="/root/DB/vaultdb_operators/postgres_test" prefix_auto="0" extension_auto="0"/>
				<Option working_dir="/root/DB/vaultdb_operators"/>
				<Option object_output="./"/>
				<Option type="1"/>
				<Option compiler="gcc"/>
				<Compiler>
					<Add directory="/root/DB/linux-sgx/sgxsdk/include"/>
					<Add directory="/root/DB/vaultdb_operators/googletest-src/googletest/include"/>
					<Add directory="/root/DB/vaultdb_operators/googletest-src/googletest"/>
				</Compiler>
				<MakeCommands>
					<Build command="/usr/bin/gmake -f &quot;/root/DB/vaultdb_operators/Makefile&quot;  VERBOSE=1 postgres_test"/>
					<CompileFile command="/usr/bin/gmake -f &quot;/root/DB/vaultdb_operators/Makefile&quot;  VERBOSE=1 &quot;$file&quot;"/>
					<Clean command="/usr/bin/gmake -f &quot;/root/DB/vaultdb_operators/Makefile&quot;  VERBOSE=1 clean"/>
					<DistClean command="/usr/bin/gmake -f &quot;/root/DB/vaultdb_operators/Makefile&quot;  VERBOSE=1 clean"/>
				</MakeCommands>
			</Target>
			<Target title="postgres_test/fast">
				<Option output="/root/DB/vaultdb_operators/postgres_test" prefix_auto="0" extension_auto="0"/>
				<Option working_dir="/root/DB/vaultdb_operators"/>
				<Option object_output="./"/>
				<Option type="1"/>
				<Option compiler="gcc"/>
				<Compiler>
					<Add directory="/root/DB/linux-sgx/sgxsdk/include"/>
					<Add directory="/root/DB/vaultdb_operators/googletest-src/googletest/include"/>
					<Add directory="/root/DB/vaultdb_operators/googletest-src/googletest"/>
				</Compiler>
				<MakeCommands>
					<Build command="/usr/bin/gmake -f &quot;/root/DB/vaultdb_operators/Makefile&quot;  VERBOSE=1 postgres_test/fast"/>
					<CompileFile command="/usr/bin/gmake -f &quot;/root/DB/vaultdb_operators/Makefile&quot;  VERBOSE=1 &quot;$file&quot;"/>
					<Clean command="/usr/bin/gmake -f &quot;/root/DB/vaultdb_operators/Makefile&quot;  VERBOSE=1 clean"/>
					<DistClean command="/usr/bin/gmake -f &quot;/root/DB/vaultdb_operators/Makefile&quot;  VERBOSE=1 clean"/>
				</MakeCommands>
			</Target>
			<Target title="vaultdb">
				<Option output="/root/DB/vaultdb_operators/vaultdb" prefix_auto="0" extension_auto="0"/>
				<Option working_dir="/root/DB/vaultdb_operators"/>
				<Option object_output="./"/>
				<Option type="1"/>
				<Option compiler="gcc"/>
				<Compiler>
					<Add directory="/root/DB/linux-sgx/sgxsdk/include"/>
				</Compiler>
				<MakeCommands>
					<Build command="/usr/bin/gmake -f &quot;/root/DB/vaultdb_operators/Makefile&quot;  VERBOSE=1 vaultdb"/>
					<CompileFile command="/usr/bin/gmake -f &quot;/root/DB/vaultdb_operators/Makefile&quot;  VERBOSE=1 &quot;$file&quot;"/>
					<Clean command="/usr/bin/gmake -f &quot;/root/DB/vaultdb_operators/Makefile&quot;  VERBOSE=1 clean"/>
					<DistClean command="/usr/bin/gmake -f &quot;/root/DB/vaultdb_operators/Makefile&quot;  VERBOSE=1 clean"/>
				</MakeCommands>
			</Target>
			<Target title="vaultdb/fast">
				<Option output="/root/DB/vaultdb_operators/vaultdb" prefix_auto="0" extension_auto="0"/>
				<Option working_dir="/root/DB/vaultdb_operators"/>
				<Option object_output="./"/>
				<Option type="1"/>
				<Option compiler="gcc"/>
				<Compiler>
					<Add directory="/root/DB/linux-sgx/sgxsdk/include"/>
				</Compiler>
				<MakeCommands>
					<Build command="/usr/bin/gmake -f &quot;/root/DB/vaultdb_operators/Makefile&quot;  VERBOSE=1 vaultdb/fast"/>
					<CompileFile command="/usr/bin/gmake -f &quot;/root/DB/vaultdb_operators/Makefile&quot;  VERBOSE=1 &quot;$file&quot;"/>
					<Clean command="/usr/bin/gmake -f &quot;/root/DB/vaultdb_operators/Makefile&quot;  VERBOSE=1 clean"/>
					<DistClean command="/usr/bin/gmake -f &quot;/root/DB/vaultdb_operators/Makefile&quot;  VERBOSE=1 clean"/>
				</MakeCommands>
			</Target>
			<Target title="rebuild_cache">
				<Option working_dir="/root/DB/vaultdb_operators"/>
				<Option type="4"/>
				<MakeCommands>
					<Build command="/usr/bin/gmake -f &quot;/root/DB/vaultdb_operators/Makefile&quot;  VERBOSE=1 rebuild_cache"/>
					<CompileFile command="/usr/bin/gmake -f &quot;/root/DB/vaultdb_operators/Makefile&quot;  VERBOSE=1 &quot;$file&quot;"/>
					<Clean command="/usr/bin/gmake -f &quot;/root/DB/vaultdb_operators/Makefile&quot;  VERBOSE=1 clean"/>
					<DistClean command="/usr/bin/gmake -f &quot;/root/DB/vaultdb_operators/Makefile&quot;  VERBOSE=1 clean"/>
				</MakeCommands>
			</Target>
			<Target title="install/local">
				<Option working_dir="/root/DB/vaultdb_operators"/>
				<Option type="4"/>
				<MakeCommands>
					<Build command="/usr/bin/gmake -f &quot;/root/DB/vaultdb_operators/Makefile&quot;  VERBOSE=1 install/local"/>
					<CompileFile command="/usr/bin/gmake -f &quot;/root/DB/vaultdb_operators/Makefile&quot;  VERBOSE=1 &quot;$file&quot;"/>
					<Clean command="/usr/bin/gmake -f &quot;/root/DB/vaultdb_operators/Makefile&quot;  VERBOSE=1 clean"/>
					<DistClean command="/usr/bin/gmake -f &quot;/root/DB/vaultdb_operators/Makefile&quot;  VERBOSE=1 clean"/>
				</MakeCommands>
			</Target>
			<Target title="gmock_main">
				<Option output="/root/DB/vaultdb_operators/lib/libgmock_maind.a" prefix_auto="0" extension_auto="0"/>
				<Option working_dir="/root/DB/vaultdb_operators/googletest-build/googlemock"/>
				<Option object_output="./"/>
				<Option type="2"/>
				<Option compiler="gcc"/>
				<Compiler>
					<Add directory="/root/DB/vaultdb_operators/googletest-src/googlemock/include"/>
					<Add directory="/root/DB/vaultdb_operators/googletest-src/googlemock"/>
					<Add directory="/root/DB/vaultdb_operators/googletest-src/googletest/include"/>
					<Add directory="/root/DB/vaultdb_operators/googletest-src/googletest"/>
				</Compiler>
				<MakeCommands>
					<Build command="/usr/bin/gmake -f &quot;/root/DB/vaultdb_operators/googletest-build/googlemock/Makefile&quot;  VERBOSE=1 gmock_main"/>
					<CompileFile command="/usr/bin/gmake -f &quot;/root/DB/vaultdb_operators/googletest-build/googlemock/Makefile&quot;  VERBOSE=1 &quot;$file&quot;"/>
					<Clean command="/usr/bin/gmake -f &quot;/root/DB/vaultdb_operators/googletest-build/googlemock/Makefile&quot;  VERBOSE=1 clean"/>
					<DistClean command="/usr/bin/gmake -f &quot;/root/DB/vaultdb_operators/googletest-build/googlemock/Makefile&quot;  VERBOSE=1 clean"/>
				</MakeCommands>
			</Target>
			<Target title="gmock_main/fast">
				<Option output="/root/DB/vaultdb_operators/lib/libgmock_maind.a" prefix_auto="0" extension_auto="0"/>
				<Option working_dir="/root/DB/vaultdb_operators/googletest-build/googlemock"/>
				<Option object_output="./"/>
				<Option type="2"/>
				<Option compiler="gcc"/>
				<Compiler>
					<Add directory="/root/DB/vaultdb_operators/googletest-src/googlemock/include"/>
					<Add directory="/root/DB/vaultdb_operators/googletest-src/googlemock"/>
					<Add directory="/root/DB/vaultdb_operators/googletest-src/googletest/include"/>
					<Add directory="/root/DB/vaultdb_operators/googletest-src/googletest"/>
				</Compiler>
				<MakeCommands>
					<Build command="/usr/bin/gmake -f &quot;/root/DB/vaultdb_operators/googletest-build/googlemock/Makefile&quot;  VERBOSE=1 gmock_main/fast"/>
					<CompileFile command="/usr/bin/gmake -f &quot;/root/DB/vaultdb_operators/googletest-build/googlemock/Makefile&quot;  VERBOSE=1 &quot;$file&quot;"/>
					<Clean command="/usr/bin/gmake -f &quot;/root/DB/vaultdb_operators/googletest-build/googlemock/Makefile&quot;  VERBOSE=1 clean"/>
					<DistClean command="/usr/bin/gmake -f &quot;/root/DB/vaultdb_operators/googletest-build/googlemock/Makefile&quot;  VERBOSE=1 clean"/>
				</MakeCommands>
			</Target>
			<Target title="gmock">
				<Option output="/root/DB/vaultdb_operators/lib/libgmockd.a" prefix_auto="0" extension_auto="0"/>
				<Option working_dir="/root/DB/vaultdb_operators/googletest-build/googlemock"/>
				<Option object_output="./"/>
				<Option type="2"/>
				<Option compiler="gcc"/>
				<Compiler>
					<Add directory="/root/DB/vaultdb_operators/googletest-src/googlemock/include"/>
					<Add directory="/root/DB/vaultdb_operators/googletest-src/googlemock"/>
					<Add directory="/root/DB/vaultdb_operators/googletest-src/googletest/include"/>
					<Add directory="/root/DB/vaultdb_operators/googletest-src/googletest"/>
				</Compiler>
				<MakeCommands>
					<Build command="/usr/bin/gmake -f &quot;/root/DB/vaultdb_operators/googletest-build/googlemock/Makefile&quot;  VERBOSE=1 gmock"/>
					<CompileFile command="/usr/bin/gmake -f &quot;/root/DB/vaultdb_operators/googletest-build/googlemock/Makefile&quot;  VERBOSE=1 &quot;$file&quot;"/>
					<Clean command="/usr/bin/gmake -f &quot;/root/DB/vaultdb_operators/googletest-build/googlemock/Makefile&quot;  VERBOSE=1 clean"/>
					<DistClean command="/usr/bin/gmake -f &quot;/root/DB/vaultdb_operators/googletest-build/googlemock/Makefile&quot;  VERBOSE=1 clean"/>
				</MakeCommands>
			</Target>
			<Target title="gmock/fast">
				<Option output="/root/DB/vaultdb_operators/lib/libgmockd.a" prefix_auto="0" extension_auto="0"/>
				<Option working_dir="/root/DB/vaultdb_operators/googletest-build/googlemock"/>
				<Option object_output="./"/>
				<Option type="2"/>
				<Option compiler="gcc"/>
				<Compiler>
					<Add directory="/root/DB/vaultdb_operators/googletest-src/googlemock/include"/>
					<Add directory="/root/DB/vaultdb_operators/googletest-src/googlemock"/>
					<Add directory="/root/DB/vaultdb_operators/googletest-src/googletest/include"/>
					<Add directory="/root/DB/vaultdb_operators/googletest-src/googletest"/>
				</Compiler>
				<MakeCommands>
					<Build command="/usr/bin/gmake -f &quot;/root/DB/vaultdb_operators/googletest-build/googlemock/Makefile&quot;  VERBOSE=1 gmock/fast"/>
					<CompileFile command="/usr/bin/gmake -f &quot;/root/DB/vaultdb_operators/googletest-build/googlemock/Makefile&quot;  VERBOSE=1 &quot;$file&quot;"/>
					<Clean command="/usr/bin/gmake -f &quot;/root/DB/vaultdb_operators/googletest-build/googlemock/Makefile&quot;  VERBOSE=1 clean"/>
					<DistClean command="/usr/bin/gmake -f &quot;/root/DB/vaultdb_operators/googletest-build/googlemock/Makefile&quot;  VERBOSE=1 clean"/>
				</MakeCommands>
			</Target>
			<Target title="gtest_main">
				<Option output="/root/DB/vaultdb_operators/lib/libgtest_maind.a" prefix_auto="0" extension_auto="0"/>
				<Option working_dir="/root/DB/vaultdb_operators/googletest-build/googlemock/gtest"/>
				<Option object_output="./"/>
				<Option type="2"/>
				<Option compiler="gcc"/>
				<Compiler>
					<Add directory="/root/DB/vaultdb_operators/googletest-src/googletest/include"/>
					<Add directory="/root/DB/vaultdb_operators/googletest-src/googletest"/>
				</Compiler>
				<MakeCommands>
					<Build command="/usr/bin/gmake -f &quot;/root/DB/vaultdb_operators/googletest-build/googlemock/gtest/Makefile&quot;  VERBOSE=1 gtest_main"/>
					<CompileFile command="/usr/bin/gmake -f &quot;/root/DB/vaultdb_operators/googletest-build/googlemock/gtest/Makefile&quot;  VERBOSE=1 &quot;$file&quot;"/>
					<Clean command="/usr/bin/gmake -f &quot;/root/DB/vaultdb_operators/googletest-build/googlemock/gtest/Makefile&quot;  VERBOSE=1 clean"/>
					<DistClean command="/usr/bin/gmake -f &quot;/root/DB/vaultdb_operators/googletest-build/googlemock/gtest/Makefile&quot;  VERBOSE=1 clean"/>
				</MakeCommands>
			</Target>
			<Target title="gtest_main/fast">
				<Option output="/root/DB/vaultdb_operators/lib/libgtest_maind.a" prefix_auto="0" extension_auto="0"/>
				<Option working_dir="/root/DB/vaultdb_operators/googletest-build/googlemock/gtest"/>
				<Option object_output="./"/>
				<Option type="2"/>
				<Option compiler="gcc"/>
				<Compiler>
					<Add directory="/root/DB/vaultdb_operators/googletest-src/googletest/include"/>
					<Add directory="/root/DB/vaultdb_operators/googletest-src/googletest"/>
				</Compiler>
				<MakeCommands>
					<Build command="/usr/bin/gmake -f &quot;/root/DB/vaultdb_operators/googletest-build/googlemock/gtest/Makefile&quot;  VERBOSE=1 gtest_main/fast"/>
					<CompileFile command="/usr/bin/gmake -f &quot;/root/DB/vaultdb_operators/googletest-build/googlemock/gtest/Makefile&quot;  VERBOSE=1 &quot;$file&quot;"/>
					<Clean command="/usr/bin/gmake -f &quot;/root/DB/vaultdb_operators/googletest-build/googlemock/gtest/Makefile&quot;  VERBOSE=1 clean"/>
					<DistClean command="/usr/bin/gmake -f &quot;/root/DB/vaultdb_operators/googletest-build/googlemock/gtest/Makefile&quot;  VERBOSE=1 clean"/>
				</MakeCommands>
			</Target>
			<Target title="gtest">
				<Option output="/root/DB/vaultdb_operators/lib/libgtestd.a" prefix_auto="0" extension_auto="0"/>
				<Option working_dir="/root/DB/vaultdb_operators/googletest-build/googlemock/gtest"/>
				<Option object_output="./"/>
				<Option type="2"/>
				<Option compiler="gcc"/>
				<Compiler>
					<Add directory="/root/DB/vaultdb_operators/googletest-src/googletest/include"/>
					<Add directory="/root/DB/vaultdb_operators/googletest-src/googletest"/>
				</Compiler>
				<MakeCommands>
					<Build command="/usr/bin/gmake -f &quot;/root/DB/vaultdb_operators/googletest-build/googlemock/gtest/Makefile&quot;  VERBOSE=1 gtest"/>
					<CompileFile command="/usr/bin/gmake -f &quot;/root/DB/vaultdb_operators/googletest-build/googlemock/gtest/Makefile&quot;  VERBOSE=1 &quot;$file&quot;"/>
					<Clean command="/usr/bin/gmake -f &quot;/root/DB/vaultdb_operators/googletest-build/googlemock/gtest/Makefile&quot;  VERBOSE=1 clean"/>
					<DistClean command="/usr/bin/gmake -f &quot;/root/DB/vaultdb_operators/googletest-build/googlemock/gtest/Makefile&quot;  VERBOSE=1 clean"/>
				</MakeCommands>
			</Target>
			<Target title="gtest/fast">
				<Option output="/root/DB/vaultdb_operators/lib/libgtestd.a" prefix_auto="0" extension_auto="0"/>
				<Option working_dir="/root/DB/vaultdb_operators/googletest-build/googlemock/gtest"/>
				<Option object_output="./"/>
				<Option type="2"/>
				<Option compiler="gcc"/>
				<Compiler>
					<Add directory="/root/DB/vaultdb_operators/googletest-src/googletest/include"/>
					<Add directory="/root/DB/vaultdb_operators/googletest-src/googletest"/>
				</Compiler>
				<MakeCommands>
					<Build command="/usr/bin/gmake -f &quot;/root/DB/vaultdb_operators/googletest-build/googlemock/gtest/Makefile&quot;  VERBOSE=1 gtest/fast"/>
					<CompileFile command="/usr/bin/gmake -f &quot;/root/DB/vaultdb_operators/googletest-build/googlemock/gtest/Makefile&quot;  VERBOSE=1 &quot;$file&quot;"/>
					<Clean command="/usr/bin/gmake -f &quot;/root/DB/vaultdb_operators/googletest-build/googlemock/gtest/Makefile&quot;  VERBOSE=1 clean"/>
					<DistClean command="/usr/bin/gmake -f &quot;/root/DB/vaultdb_operators/googletest-build/googlemock/gtest/Makefile&quot;  VERBOSE=1 clean"/>
				</MakeCommands>
			</Target>
			<Target title="HBGeneralize">
				<Option output="/root/DB/vaultdb_operators/rpc/libHBGeneralize.a" prefix_auto="0" extension_auto="0"/>
				<Option working_dir="/root/DB/vaultdb_operators/rpc"/>
				<Option object_output="./"/>
				<Option type="2"/>
				<Option compiler="gcc"/>
				<Compiler>
					<Add directory="/root/DB/linux-sgx/sgxsdk/include"/>
				</Compiler>
				<MakeCommands>
					<Build command="/usr/bin/gmake -f &quot;/root/DB/vaultdb_operators/rpc/Makefile&quot;  VERBOSE=1 HBGeneralize"/>
					<CompileFile command="/usr/bin/gmake -f &quot;/root/DB/vaultdb_operators/rpc/Makefile&quot;  VERBOSE=1 &quot;$file&quot;"/>
					<Clean command="/usr/bin/gmake -f &quot;/root/DB/vaultdb_operators/rpc/Makefile&quot;  VERBOSE=1 clean"/>
					<DistClean command="/usr/bin/gmake -f &quot;/root/DB/vaultdb_operators/rpc/Makefile&quot;  VERBOSE=1 clean"/>
				</MakeCommands>
			</Target>
			<Target title="HBGeneralize/fast">
				<Option output="/root/DB/vaultdb_operators/rpc/libHBGeneralize.a" prefix_auto="0" extension_auto="0"/>
				<Option working_dir="/root/DB/vaultdb_operators/rpc"/>
				<Option object_output="./"/>
				<Option type="2"/>
				<Option compiler="gcc"/>
				<Compiler>
					<Add directory="/root/DB/linux-sgx/sgxsdk/include"/>
				</Compiler>
				<MakeCommands>
					<Build command="/usr/bin/gmake -f &quot;/root/DB/vaultdb_operators/rpc/Makefile&quot;  VERBOSE=1 HBGeneralize/fast"/>
					<CompileFile command="/usr/bin/gmake -f &quot;/root/DB/vaultdb_operators/rpc/Makefile&quot;  VERBOSE=1 &quot;$file&quot;"/>
					<Clean command="/usr/bin/gmake -f &quot;/root/DB/vaultdb_operators/rpc/Makefile&quot;  VERBOSE=1 clean"/>
					<DistClean command="/usr/bin/gmake -f &quot;/root/DB/vaultdb_operators/rpc/Makefile&quot;  VERBOSE=1 clean"/>
				</MakeCommands>
			</Target>
			<Target title="DOClient">
				<Option output="/root/DB/vaultdb_operators/rpc/DOClient" prefix_auto="0" extension_auto="0"/>
				<Option working_dir="/root/DB/vaultdb_operators/rpc"/>
				<Option object_output="./"/>
				<Option type="1"/>
				<Option compiler="gcc"/>
				<Compiler>
					<Add directory="/root/DB/linux-sgx/sgxsdk/include"/>
				</Compiler>
				<MakeCommands>
					<Build command="/usr/bin/gmake -f &quot;/root/DB/vaultdb_operators/rpc/Makefile&quot;  VERBOSE=1 DOClient"/>
					<CompileFile command="/usr/bin/gmake -f &quot;/root/DB/vaultdb_operators/rpc/Makefile&quot;  VERBOSE=1 &quot;$file&quot;"/>
					<Clean command="/usr/bin/gmake -f &quot;/root/DB/vaultdb_operators/rpc/Makefile&quot;  VERBOSE=1 clean"/>
					<DistClean command="/usr/bin/gmake -f &quot;/root/DB/vaultdb_operators/rpc/Makefile&quot;  VERBOSE=1 clean"/>
				</MakeCommands>
			</Target>
			<Target title="DOClient/fast">
				<Option output="/root/DB/vaultdb_operators/rpc/DOClient" prefix_auto="0" extension_auto="0"/>
				<Option working_dir="/root/DB/vaultdb_operators/rpc"/>
				<Option object_output="./"/>
				<Option type="1"/>
				<Option compiler="gcc"/>
				<Compiler>
					<Add directory="/root/DB/linux-sgx/sgxsdk/include"/>
				</Compiler>
				<MakeCommands>
					<Build command="/usr/bin/gmake -f &quot;/root/DB/vaultdb_operators/rpc/Makefile&quot;  VERBOSE=1 DOClient/fast"/>
					<CompileFile command="/usr/bin/gmake -f &quot;/root/DB/vaultdb_operators/rpc/Makefile&quot;  VERBOSE=1 &quot;$file&quot;"/>
					<Clean command="/usr/bin/gmake -f &quot;/root/DB/vaultdb_operators/rpc/Makefile&quot;  VERBOSE=1 clean"/>
					<DistClean command="/usr/bin/gmake -f &quot;/root/DB/vaultdb_operators/rpc/Makefile&quot;  VERBOSE=1 clean"/>
				</MakeCommands>
			</Target>
			<Target title="DOServer">
				<Option output="/root/DB/vaultdb_operators/rpc/DOServer" prefix_auto="0" extension_auto="0"/>
				<Option working_dir="/root/DB/vaultdb_operators/rpc"/>
				<Option object_output="./"/>
				<Option type="1"/>
				<Option compiler="gcc"/>
				<Compiler>
					<Add directory="/root/DB/linux-sgx/sgxsdk/include"/>
				</Compiler>
				<MakeCommands>
					<Build command="/usr/bin/gmake -f &quot;/root/DB/vaultdb_operators/rpc/Makefile&quot;  VERBOSE=1 DOServer"/>
					<CompileFile command="/usr/bin/gmake -f &quot;/root/DB/vaultdb_operators/rpc/Makefile&quot;  VERBOSE=1 &quot;$file&quot;"/>
					<Clean command="/usr/bin/gmake -f &quot;/root/DB/vaultdb_operators/rpc/Makefile&quot;  VERBOSE=1 clean"/>
					<DistClean command="/usr/bin/gmake -f &quot;/root/DB/vaultdb_operators/rpc/Makefile&quot;  VERBOSE=1 clean"/>
				</MakeCommands>
			</Target>
			<Target title="DOServer/fast">
				<Option output="/root/DB/vaultdb_operators/rpc/DOServer" prefix_auto="0" extension_auto="0"/>
				<Option working_dir="/root/DB/vaultdb_operators/rpc"/>
				<Option object_output="./"/>
				<Option type="1"/>
				<Option compiler="gcc"/>
				<Compiler>
					<Add directory="/root/DB/linux-sgx/sgxsdk/include"/>
				</Compiler>
				<MakeCommands>
					<Build command="/usr/bin/gmake -f &quot;/root/DB/vaultdb_operators/rpc/Makefile&quot;  VERBOSE=1 DOServer/fast"/>
					<CompileFile command="/usr/bin/gmake -f &quot;/root/DB/vaultdb_operators/rpc/Makefile&quot;  VERBOSE=1 &quot;$file&quot;"/>
					<Clean command="/usr/bin/gmake -f &quot;/root/DB/vaultdb_operators/rpc/Makefile&quot;  VERBOSE=1 clean"/>
					<DistClean command="/usr/bin/gmake -f &quot;/root/DB/vaultdb_operators/rpc/Makefile&quot;  VERBOSE=1 clean"/>
				</MakeCommands>
			</Target>
		</Build>
		<Unit filename="/root/DB/vaultdb_operators/Expressions.cpp">
			<Option target="join_test"/>
			<Option target="sort_test"/>
			<Option target="filter_test"/>
		</Unit>
		<Unit filename="/root/DB/vaultdb_operators/Expressions.h">
			<Option target="join_test"/>
			<Option target="sort_test"/>
			<Option target="filter_test"/>
		</Unit>
		<Unit filename="/root/DB/vaultdb_operators/Filter.cpp">
			<Option target="filter_test"/>
		</Unit>
		<Unit filename="/root/DB/vaultdb_operators/Filter.h">
			<Option target="filter_test"/>
		</Unit>
		<Unit filename="/root/DB/vaultdb_operators/HashJoin.cpp">
			<Option target="join_test"/>
		</Unit>
		<Unit filename="/root/DB/vaultdb_operators/HashJoin.h">
			<Option target="join_test"/>
		</Unit>
		<Unit filename="/root/DB/vaultdb_operators/Repartition.cpp">
			<Option target="vaultdb"/>
		</Unit>
		<Unit filename="/root/DB/vaultdb_operators/Repartition.h">
			<Option target="vaultdb"/>
		</Unit>
		<Unit filename="/root/DB/vaultdb_operators/Sort.cpp">
			<Option target="sort_test"/>
		</Unit>
		<Unit filename="/root/DB/vaultdb_operators/Sort.h">
			<Option target="sort_test"/>
		</Unit>
		<Unit filename="/root/DB/vaultdb_operators/TableStatistics.cpp">
			<Option target="HBGeneralize"/>
			<Option target="DOClient"/>
		</Unit>
		<Unit filename="/root/DB/vaultdb_operators/TableStatistics.h">
			<Option target="DOClient"/>
		</Unit>
		<Unit filename="/root/DB/vaultdb_operators/VaultDB.cpp">
			<Option target="vaultdb"/>
		</Unit>
		<Unit filename="/root/DB/vaultdb_operators/VaultDB.h">
			<Option target="vaultdb"/>
		</Unit>
		<Unit filename="/root/DB/vaultdb_operators/filter_test.cpp">
			<Option target="filter_test"/>
		</Unit>
		<Unit filename="/root/DB/vaultdb_operators/filter_test.h">
			<Option target="filter_test"/>
		</Unit>
		<Unit filename="/root/DB/vaultdb_operators/googletest-src/googlemock/src/gmock-all.cc">
			<Option target="gmock"/>
		</Unit>
		<Unit filename="/root/DB/vaultdb_operators/googletest-src/googlemock/src/gmock_main.cc">
			<Option target="gmock_main"/>
		</Unit>
		<Unit filename="/root/DB/vaultdb_operators/googletest-src/googletest/src/gtest-all.cc">
			<Option target="gtest"/>
		</Unit>
		<Unit filename="/root/DB/vaultdb_operators/googletest-src/googletest/src/gtest_main.cc">
			<Option target="gtest_main"/>
		</Unit>
		<Unit filename="/root/DB/vaultdb_operators/join_test.cpp">
			<Option target="join_test"/>
		</Unit>
		<Unit filename="/root/DB/vaultdb_operators/join_test.h">
			<Option target="join_test"/>
		</Unit>
		<Unit filename="/root/DB/vaultdb_operators/postgres_client.cpp">
			<Option target="join_test"/>
			<Option target="sort_test"/>
			<Option target="filter_test"/>
			<Option target="postgres_test"/>
			<Option target="vaultdb"/>
			<Option target="HBGeneralize"/>
			<Option target="DOClient"/>
			<Option target="DOServer"/>
		</Unit>
		<Unit filename="/root/DB/vaultdb_operators/postgres_client.h">
			<Option target="join_test"/>
			<Option target="sort_test"/>
			<Option target="filter_test"/>
			<Option target="postgres_test"/>
			<Option target="vaultdb"/>
			<Option target="HBGeneralize"/>
			<Option target="DOClient"/>
			<Option target="DOServer"/>
		</Unit>
		<Unit filename="/root/DB/vaultdb_operators/postgres_client_test.cpp">
			<Option target="postgres_test"/>
		</Unit>
		<Unit filename="/root/DB/vaultdb_operators/postgres_client_test.h">
			<Option target="postgres_test"/>
		</Unit>
		<Unit filename="/root/DB/vaultdb_operators/rpc/DOClient.cpp">
			<Option target="HBGeneralize"/>
			<Option target="DOClient"/>
		</Unit>
		<Unit filename="/root/DB/vaultdb_operators/rpc/DOClient.h">
			<Option target="DOServer"/>
		</Unit>
		<Unit filename="/root/DB/vaultdb_operators/rpc/DOServer.cpp">
			<Option target="DOServer"/>
		</Unit>
		<Unit filename="/root/DB/vaultdb_operators/rpc/DataOwnerClient.cpp">
			<Option target="vaultdb"/>
		</Unit>
		<Unit filename="/root/DB/vaultdb_operators/rpc/DataOwnerClient.h">
			<Option target="vaultdb"/>
		</Unit>
		<Unit filename="/root/DB/vaultdb_operators/rpc/DataOwnerImpl.cpp">
			<Option target="vaultdb"/>
		</Unit>
		<Unit filename="/root/DB/vaultdb_operators/rpc/DataOwnerImpl.h">
			<Option target="vaultdb"/>
		</Unit>
		<Unit filename="/root/DB/vaultdb_operators/rpc/DataOwnerPrivate.cpp">
			<Option target="vaultdb"/>
		</Unit>
		<Unit filename="/root/DB/vaultdb_operators/rpc/DataOwnerPrivate.h">
			<Option target="vaultdb"/>
		</Unit>
		<Unit filename="/root/DB/vaultdb_operators/rpc/HBGeneralize.cpp">
			<Option target="HBGeneralize"/>
		</Unit>
		<Unit filename="/root/DB/vaultdb_operators/rpc/HBGeneralize.h">
			<Option target="HBGeneralize"/>
		</Unit>
		<Unit filename="/root/DB/vaultdb_operators/rpc/HonestBrokerClient.cpp">
			<Option target="vaultdb"/>
		</Unit>
		<Unit filename="/root/DB/vaultdb_operators/rpc/HonestBrokerClient.h">
			<Option target="vaultdb"/>
		</Unit>
		<Unit filename="/root/DB/vaultdb_operators/rpc/HonestBrokerImpl.cpp">
			<Option target="vaultdb"/>
			<Option target="DOClient"/>
		</Unit>
		<Unit filename="/root/DB/vaultdb_operators/rpc/HonestBrokerImpl.h">
			<Option target="DOClient"/>
		</Unit>
		<Unit filename="/root/DB/vaultdb_operators/rpc/HonestBrokerPrivate.cpp">
			<Option target="vaultdb"/>
			<Option target="DOClient"/>
		</Unit>
		<Unit filename="/root/DB/vaultdb_operators/rpc/HonestBrokerPrivate.h">
			<Option target="DOClient"/>
		</Unit>
		<Unit filename="/root/DB/vaultdb_operators/rpc/InfoPrivate.cpp">
			<Option target="vaultdb"/>
		</Unit>
		<Unit filename="/root/DB/vaultdb_operators/rpc/InfoPrivate.h">
			<Option target="vaultdb"/>
		</Unit>
		<Unit filename="/root/DB/vaultdb_operators/rpc/vaultdb.grpc.pb.cc">
			<Option target="vaultdb"/>
			<Option target="HBGeneralize"/>
			<Option target="DOClient"/>
			<Option target="DOServer"/>
		</Unit>
		<Unit filename="/root/DB/vaultdb_operators/rpc/vaultdb.grpc.pb.cc.rule">
			<Option target="HBGeneralize"/>
			<Option target="DOClient"/>
			<Option target="DOServer"/>
		</Unit>
		<Unit filename="/root/DB/vaultdb_operators/rpc/vaultdb.pb.cc">
			<Option target="vaultdb"/>
			<Option target="HBGeneralize"/>
			<Option target="DOClient"/>
			<Option target="DOServer"/>
		</Unit>
		<Unit filename="/root/DB/vaultdb_operators/rpc/vaultdb.pb.cc.rule">
			<Option target="HBGeneralize"/>
			<Option target="DOClient"/>
			<Option target="DOServer"/>
		</Unit>
		<Unit filename="/root/DB/vaultdb_operators/sort_test.cpp">
			<Option target="sort_test"/>
		</Unit>
		<Unit filename="/root/DB/vaultdb_operators/CMakeLists.txt">
			<Option virtualFolder="CMake Files\"/>
		</Unit>
		<Unit filename="/root/DB/vaultdb_operators/CMakeLists.txt.in">
			<Option virtualFolder="CMake Files\"/>
		</Unit>
		<Unit filename="/root/DB/vaultdb_operators/googletest-src/CMakeLists.txt">
			<Option virtualFolder="CMake Files\googletest-src\"/>
		</Unit>
		<Unit filename="/root/DB/vaultdb_operators/googletest-src/googlemock/CMakeLists.txt">
			<Option virtualFolder="CMake Files\googletest-src\googlemock\"/>
		</Unit>
		<Unit filename="/root/DB/vaultdb_operators/googletest-src/googlemock/cmake/gmock.pc.in">
			<Option virtualFolder="CMake Files\googletest-src\googlemock\cmake\"/>
		</Unit>
		<Unit filename="/root/DB/vaultdb_operators/googletest-src/googlemock/cmake/gmock_main.pc.in">
			<Option virtualFolder="CMake Files\googletest-src\googlemock\cmake\"/>
		</Unit>
		<Unit filename="/root/DB/vaultdb_operators/googletest-src/googletest/CMakeLists.txt">
			<Option virtualFolder="CMake Files\googletest-src\googletest\"/>
		</Unit>
		<Unit filename="/root/DB/vaultdb_operators/googletest-src/googletest/cmake/Config.cmake.in">
			<Option virtualFolder="CMake Files\googletest-src\googletest\cmake\"/>
		</Unit>
		<Unit filename="/root/DB/vaultdb_operators/googletest-src/googletest/cmake/gtest.pc.in">
			<Option virtualFolder="CMake Files\googletest-src\googletest\cmake\"/>
		</Unit>
		<Unit filename="/root/DB/vaultdb_operators/googletest-src/googletest/cmake/gtest_main.pc.in">
			<Option virtualFolder="CMake Files\googletest-src\googletest\cmake\"/>
		</Unit>
		<Unit filename="/root/DB/vaultdb_operators/googletest-src/googletest/cmake/internal_utils.cmake">
			<Option virtualFolder="CMake Files\googletest-src\googletest\cmake\"/>
		</Unit>
		<Unit filename="/root/DB/vaultdb_operators/rpc/CMakeLists.txt">
			<Option virtualFolder="CMake Files\rpc\"/>
		</Unit>
	</Project>
</CodeBlocks_project_file>
